
Microsoft Visual Studio Solution File, Format Version 12.00
# Visual Studio 15
VisualStudioVersion = 15.0.28010.2041
MinimumVisualStudioVersion = 10.0.40219.1
Project("{FAE04EC0-301F-11D3-BF4B-00C04F79EFBC}") = "ToDoApplication", "ToDoApplication\ToDoApplication.csproj", "{963CA925-519D-4C79-BBF3-290E253DC57B}"
EndProject
Global
	GlobalSection(SolutionConfigurationPlatforms) = preSolution
		Debug|Any CPU = Debug|Any CPU
		Release|Any CPU = Release|Any CPU
	EndGlobalSection
	GlobalSection(ProjectConfigurationPlatforms) = postSolution
		{963CA925-519D-4C79-BBF3-290E253DC57B}.Debug|Any CPU.ActiveCfg = Debug|Any CPU
		{963CA925-519D-4C79-BBF3-290E253DC57B}.Debug|Any CPU.Build.0 = Debug|Any CPU
		{963CA925-519D-4C79-BBF3-290E253DC57B}.Release|Any CPU.ActiveCfg = Release|Any CPU
		{963CA925-519D-4C79-BBF3-290E253DC57B}.Release|Any CPU.Build.0 = Release|Any CPU
	EndGlobalSection
	GlobalSection(SolutionProperties) = preSolution
		HideSolutionNode = FALSE
	EndGlobalSection
	GlobalSection(ExtensibilityGlobals) = postSolution
		SolutionGuid = {8473325C-45D2-47CE-9F43-AA7D9B865CA3}
	EndGlobalSection
EndGlobal
